{
  "name": "blockchain",
  "version": "1.0.0",
  "lockfileVersion": 1,
  "requires": true,
  "dependencies": {
    "crypto.js": {
      "version": "1.2.0",
      "resolved": "https://registry.npmjs.org/crypto.js/-/crypto.js-1.2.0.tgz",
      "integrity": "sha512-tNSuL7ZJSMN7Iss/AHFA4YTnkCZfvWQihCwbm7tK4MESTjDOsnF5honnmFUZTTd3oIjztQ11xQlOf39VYsyzmg=="
    }
  }
}
